// !$*UTF8*$!
{
	archiveVersion = 1;
	classes = {
	};
	objectVersion = 56;
	objects = {

/* Begin PBXBuildFile section */
		31DBD1112CCA2D8000AC5F17 /* AppDelegate.swift in Sources */ = {isa = PBXBuildFile; fileRef = 31DBD1102CCA2D8000AC5F17 /* AppDelegate.swift */; };
		31DBD1132CCA2D8000AC5F17 /* SceneDelegate.swift in Sources */ = {isa = PBXBuildFile; fileRef = 31DBD1122CCA2D8000AC5F17 /* SceneDelegate.swift */; };
		31DBD1152CCA2D8000AC5F17 /* SplashViewController.swift in Sources */ = {isa = PBXBuildFile; fileRef = 31DBD1142CCA2D8000AC5F17 /* SplashViewController.swift */; };
		31DBD11A2CCA2D8300AC5F17 /* Assets.xcassets in Resources */ = {isa = PBXBuildFile; fileRef = 31DBD1192CCA2D8300AC5F17 /* Assets.xcassets */; };
		31DBD11D2CCA2D8300AC5F17 /* LaunchScreen.storyboard in Resources */ = {isa = PBXBuildFile; fileRef = 31DBD11B2CCA2D8300AC5F17 /* LaunchScreen.storyboard */; };
		31DBD1282CCA2D8300AC5F17 /* Cocktail_AppTests.swift in Sources */ = {isa = PBXBuildFile; fileRef = 31DBD1272CCA2D8300AC5F17 /* Cocktail_AppTests.swift */; };
		31DBD1322CCA2D8300AC5F17 /* Cocktail_AppUITests.swift in Sources */ = {isa = PBXBuildFile; fileRef = 31DBD1312CCA2D8300AC5F17 /* Cocktail_AppUITests.swift */; };
		31DBD1342CCA2D8300AC5F17 /* Cocktail_AppUITestsLaunchTests.swift in Sources */ = {isa = PBXBuildFile; fileRef = 31DBD1332CCA2D8300AC5F17 /* Cocktail_AppUITestsLaunchTests.swift */; };
		31DBD1432CCA38D600AC5F17 /* HomeCoordinator.swift in Sources */ = {isa = PBXBuildFile; fileRef = 31DBD1422CCA38D600AC5F17 /* HomeCoordinator.swift */; };
		31DBD1462CCA39A900AC5F17 /* Coordinator.swift in Sources */ = {isa = PBXBuildFile; fileRef = 31DBD1452CCA39A900AC5F17 /* Coordinator.swift */; };
		31DBD1482CCA3A4700AC5F17 /* HomeViewController.swift in Sources */ = {isa = PBXBuildFile; fileRef = 31DBD1472CCA3A4700AC5F17 /* HomeViewController.swift */; };
		31DBD14A2CCA3A6E00AC5F17 /* HomeViewModel.swift in Sources */ = {isa = PBXBuildFile; fileRef = 31DBD1492CCA3A6E00AC5F17 /* HomeViewModel.swift */; };
		31DBD14C2CCA3B2100AC5F17 /* Configuration.swift in Sources */ = {isa = PBXBuildFile; fileRef = 31DBD14B2CCA3B2100AC5F17 /* Configuration.swift */; };
		31DBD14F2CCA3D5100AC5F17 /* ScreenChecker.swift in Sources */ = {isa = PBXBuildFile; fileRef = 31DBD14E2CCA3D5100AC5F17 /* ScreenChecker.swift */; };
		31DBD1512CCA40DE00AC5F17 /* AppCoordinator.swift in Sources */ = {isa = PBXBuildFile; fileRef = 31DBD1502CCA40DE00AC5F17 /* AppCoordinator.swift */; };
		31DBD1542CCA413100AC5F17 /* Application.swift in Sources */ = {isa = PBXBuildFile; fileRef = 31DBD1532CCA413100AC5F17 /* Application.swift */; };
		31DBD1562CCA427600AC5F17 /* Dependencies.swift in Sources */ = {isa = PBXBuildFile; fileRef = 31DBD1552CCA427600AC5F17 /* Dependencies.swift */; };
		31DBD1582CCA429900AC5F17 /* DrinksService.swift in Sources */ = {isa = PBXBuildFile; fileRef = 31DBD1572CCA429900AC5F17 /* DrinksService.swift */; };
		31DBD15A2CCA452200AC5F17 /* AppStyle.swift in Sources */ = {isa = PBXBuildFile; fileRef = 31DBD1592CCA452200AC5F17 /* AppStyle.swift */; };
		31DBD15C2CCA45AF00AC5F17 /* UIColor+.swift in Sources */ = {isa = PBXBuildFile; fileRef = 31DBD15B2CCA45AF00AC5F17 /* UIColor+.swift */; };
		31DBD15E2CCA485D00AC5F17 /* UIImage+.swift in Sources */ = {isa = PBXBuildFile; fileRef = 31DBD15D2CCA485D00AC5F17 /* UIImage+.swift */; };
		31DBD1602CCA4B7700AC5F17 /* UINavigationController+.swift in Sources */ = {isa = PBXBuildFile; fileRef = 31DBD15F2CCA4B7700AC5F17 /* UINavigationController+.swift */; };
		31DBD1A02CCBDAE200AC5F17 /* VCViewModel.swift in Sources */ = {isa = PBXBuildFile; fileRef = 31DBD19F2CCBDAE200AC5F17 /* VCViewModel.swift */; };
		31DBD1A22CCBDD2200AC5F17 /* BaseViewController.swift in Sources */ = {isa = PBXBuildFile; fileRef = 31DBD1A12CCBDD2200AC5F17 /* BaseViewController.swift */; };
/* End PBXBuildFile section */

/* Begin PBXContainerItemProxy section */
		31DBD1242CCA2D8300AC5F17 /* PBXContainerItemProxy */ = {
			isa = PBXContainerItemProxy;
			containerPortal = 31DBD1052CCA2D8000AC5F17 /* Project object */;
			proxyType = 1;
			remoteGlobalIDString = 31DBD10C2CCA2D8000AC5F17;
			remoteInfo = "Cocktail App";
		};
		31DBD12E2CCA2D8300AC5F17 /* PBXContainerItemProxy */ = {
			isa = PBXContainerItemProxy;
			containerPortal = 31DBD1052CCA2D8000AC5F17 /* Project object */;
			proxyType = 1;
			remoteGlobalIDString = 31DBD10C2CCA2D8000AC5F17;
			remoteInfo = "Cocktail App";
		};
/* End PBXContainerItemProxy section */

/* Begin PBXFileReference section */
		31DBD10D2CCA2D8000AC5F17 /* Cocktail App.app */ = {isa = PBXFileReference; explicitFileType = wrapper.application; includeInIndex = 0; path = "Cocktail App.app"; sourceTree = BUILT_PRODUCTS_DIR; };
		31DBD1102CCA2D8000AC5F17 /* AppDelegate.swift */ = {isa = PBXFileReference; lastKnownFileType = sourcecode.swift; path = AppDelegate.swift; sourceTree = "<group>"; };
		31DBD1122CCA2D8000AC5F17 /* SceneDelegate.swift */ = {isa = PBXFileReference; lastKnownFileType = sourcecode.swift; path = SceneDelegate.swift; sourceTree = "<group>"; };
		31DBD1142CCA2D8000AC5F17 /* SplashViewController.swift */ = {isa = PBXFileReference; lastKnownFileType = sourcecode.swift; path = SplashViewController.swift; sourceTree = "<group>"; };
		31DBD1192CCA2D8300AC5F17 /* Assets.xcassets */ = {isa = PBXFileReference; lastKnownFileType = folder.assetcatalog; path = Assets.xcassets; sourceTree = "<group>"; };
		31DBD11C2CCA2D8300AC5F17 /* Base */ = {isa = PBXFileReference; lastKnownFileType = file.storyboard; name = Base; path = Base.lproj/LaunchScreen.storyboard; sourceTree = "<group>"; };
		31DBD11E2CCA2D8300AC5F17 /* Info.plist */ = {isa = PBXFileReference; lastKnownFileType = text.plist.xml; path = Info.plist; sourceTree = "<group>"; };
		31DBD1232CCA2D8300AC5F17 /* Cocktail AppTests.xctest */ = {isa = PBXFileReference; explicitFileType = wrapper.cfbundle; includeInIndex = 0; path = "Cocktail AppTests.xctest"; sourceTree = BUILT_PRODUCTS_DIR; };
		31DBD1272CCA2D8300AC5F17 /* Cocktail_AppTests.swift */ = {isa = PBXFileReference; lastKnownFileType = sourcecode.swift; path = Cocktail_AppTests.swift; sourceTree = "<group>"; };
		31DBD12D2CCA2D8300AC5F17 /* Cocktail AppUITests.xctest */ = {isa = PBXFileReference; explicitFileType = wrapper.cfbundle; includeInIndex = 0; path = "Cocktail AppUITests.xctest"; sourceTree = BUILT_PRODUCTS_DIR; };
		31DBD1312CCA2D8300AC5F17 /* Cocktail_AppUITests.swift */ = {isa = PBXFileReference; lastKnownFileType = sourcecode.swift; path = Cocktail_AppUITests.swift; sourceTree = "<group>"; };
		31DBD1332CCA2D8300AC5F17 /* Cocktail_AppUITestsLaunchTests.swift */ = {isa = PBXFileReference; lastKnownFileType = sourcecode.swift; path = Cocktail_AppUITestsLaunchTests.swift; sourceTree = "<group>"; };
		31DBD1422CCA38D600AC5F17 /* HomeCoordinator.swift */ = {isa = PBXFileReference; lastKnownFileType = sourcecode.swift; path = HomeCoordinator.swift; sourceTree = "<group>"; };
		31DBD1452CCA39A900AC5F17 /* Coordinator.swift */ = {isa = PBXFileReference; lastKnownFileType = sourcecode.swift; path = Coordinator.swift; sourceTree = "<group>"; };
		31DBD1472CCA3A4700AC5F17 /* HomeViewController.swift */ = {isa = PBXFileReference; lastKnownFileType = sourcecode.swift; path = HomeViewController.swift; sourceTree = "<group>"; };
		31DBD1492CCA3A6E00AC5F17 /* HomeViewModel.swift */ = {isa = PBXFileReference; lastKnownFileType = sourcecode.swift; path = HomeViewModel.swift; sourceTree = "<group>"; };
		31DBD14B2CCA3B2100AC5F17 /* Configuration.swift */ = {isa = PBXFileReference; lastKnownFileType = sourcecode.swift; path = Configuration.swift; sourceTree = "<group>"; };
		31DBD14E2CCA3D5100AC5F17 /* ScreenChecker.swift */ = {isa = PBXFileReference; lastKnownFileType = sourcecode.swift; path = ScreenChecker.swift; sourceTree = "<group>"; };
		31DBD1502CCA40DE00AC5F17 /* AppCoordinator.swift */ = {isa = PBXFileReference; lastKnownFileType = sourcecode.swift; path = AppCoordinator.swift; sourceTree = "<group>"; };
		31DBD1532CCA413100AC5F17 /* Application.swift */ = {isa = PBXFileReference; lastKnownFileType = sourcecode.swift; path = Application.swift; sourceTree = "<group>"; };
		31DBD1552CCA427600AC5F17 /* Dependencies.swift */ = {isa = PBXFileReference; lastKnownFileType = sourcecode.swift; path = Dependencies.swift; sourceTree = "<group>"; };
		31DBD1572CCA429900AC5F17 /* DrinksService.swift */ = {isa = PBXFileReference; lastKnownFileType = sourcecode.swift; path = DrinksService.swift; sourceTree = "<group>"; };
		31DBD1592CCA452200AC5F17 /* AppStyle.swift */ = {isa = PBXFileReference; lastKnownFileType = sourcecode.swift; path = AppStyle.swift; sourceTree = "<group>"; };
		31DBD15B2CCA45AF00AC5F17 /* UIColor+.swift */ = {isa = PBXFileReference; lastKnownFileType = sourcecode.swift; path = "UIColor+.swift"; sourceTree = "<group>"; };
		31DBD15D2CCA485D00AC5F17 /* UIImage+.swift */ = {isa = PBXFileReference; lastKnownFileType = sourcecode.swift; path = "UIImage+.swift"; sourceTree = "<group>"; };
		31DBD15F2CCA4B7700AC5F17 /* UINavigationController+.swift */ = {isa = PBXFileReference; lastKnownFileType = sourcecode.swift; path = "UINavigationController+.swift"; sourceTree = "<group>"; };
		31DBD19F2CCBDAE200AC5F17 /* VCViewModel.swift */ = {isa = PBXFileReference; lastKnownFileType = sourcecode.swift; path = VCViewModel.swift; sourceTree = "<group>"; };
		31DBD1A12CCBDD2200AC5F17 /* BaseViewController.swift */ = {isa = PBXFileReference; lastKnownFileType = sourcecode.swift; path = BaseViewController.swift; sourceTree = "<group>"; };
/* End PBXFileReference section */

/* Begin PBXFrameworksBuildPhase section */
		31DBD10A2CCA2D8000AC5F17 /* Frameworks */ = {
			isa = PBXFrameworksBuildPhase;
			buildActionMask = 2147483647;
			files = (
			);
			runOnlyForDeploymentPostprocessing = 0;
		};
		31DBD1202CCA2D8300AC5F17 /* Frameworks */ = {
			isa = PBXFrameworksBuildPhase;
			buildActionMask = 2147483647;
			files = (
			);
			runOnlyForDeploymentPostprocessing = 0;
		};
		31DBD12A2CCA2D8300AC5F17 /* Frameworks */ = {
			isa = PBXFrameworksBuildPhase;
			buildActionMask = 2147483647;
			files = (
			);
			runOnlyForDeploymentPostprocessing = 0;
		};
/* End PBXFrameworksBuildPhase section */

/* Begin PBXGroup section */
		31DBD1042CCA2D8000AC5F17 = {
			isa = PBXGroup;
			children = (
				31DBD10F2CCA2D8000AC5F17 /* Cocktail App */,
				31DBD1262CCA2D8300AC5F17 /* Cocktail AppTests */,
				31DBD1302CCA2D8300AC5F17 /* Cocktail AppUITests */,
				31DBD10E2CCA2D8000AC5F17 /* Products */,
			);
			sourceTree = "<group>";
		};
		31DBD10E2CCA2D8000AC5F17 /* Products */ = {
			isa = PBXGroup;
			children = (
				31DBD10D2CCA2D8000AC5F17 /* Cocktail App.app */,
				31DBD1232CCA2D8300AC5F17 /* Cocktail AppTests.xctest */,
				31DBD12D2CCA2D8300AC5F17 /* Cocktail AppUITests.xctest */,
			);
			name = Products;
			sourceTree = "<group>";
		};
		31DBD10F2CCA2D8000AC5F17 /* Cocktail App */ = {
			isa = PBXGroup;
			children = (
				31DBD1442CCA399B00AC5F17 /* Common */,
				31DBD1412CCA385E00AC5F17 /* Home */,
				31DBD1102CCA2D8000AC5F17 /* AppDelegate.swift */,
				31DBD1502CCA40DE00AC5F17 /* AppCoordinator.swift */,
				31DBD1122CCA2D8000AC5F17 /* SceneDelegate.swift */,
				31DBD1192CCA2D8300AC5F17 /* Assets.xcassets */,
				31DBD11B2CCA2D8300AC5F17 /* LaunchScreen.storyboard */,
				31DBD11E2CCA2D8300AC5F17 /* Info.plist */,
			);
			path = "Cocktail App";
			sourceTree = "<group>";
		};
		31DBD1262CCA2D8300AC5F17 /* Cocktail AppTests */ = {
			isa = PBXGroup;
			children = (
				31DBD1272CCA2D8300AC5F17 /* Cocktail_AppTests.swift */,
			);
			path = "Cocktail AppTests";
			sourceTree = "<group>";
		};
		31DBD1302CCA2D8300AC5F17 /* Cocktail AppUITests */ = {
			isa = PBXGroup;
			children = (
				31DBD1312CCA2D8300AC5F17 /* Cocktail_AppUITests.swift */,
				31DBD1332CCA2D8300AC5F17 /* Cocktail_AppUITestsLaunchTests.swift */,
			);
			path = "Cocktail AppUITests";
			sourceTree = "<group>";
		};
		31DBD1412CCA385E00AC5F17 /* Home */ = {
			isa = PBXGroup;
			children = (
				31DBD1422CCA38D600AC5F17 /* HomeCoordinator.swift */,
				31DBD1472CCA3A4700AC5F17 /* HomeViewController.swift */,
				31DBD1492CCA3A6E00AC5F17 /* HomeViewModel.swift */,
				31DBD1142CCA2D8000AC5F17 /* SplashViewController.swift */,
			);
			path = Home;
			sourceTree = "<group>";
		};
		31DBD1442CCA399B00AC5F17 /* Common */ = {
			isa = PBXGroup;
			children = (
				31DBD1522CCA412300AC5F17 /* Services */,
				31DBD14D2CCA3D4700AC5F17 /* Misc */,
				31DBD1452CCA39A900AC5F17 /* Coordinator.swift */,
				31DBD14B2CCA3B2100AC5F17 /* Configuration.swift */,
				31DBD1592CCA452200AC5F17 /* AppStyle.swift */,
				31DBD19F2CCBDAE200AC5F17 /* VCViewModel.swift */,
				31DBD1A12CCBDD2200AC5F17 /* BaseViewController.swift */,
			);
			path = Common;
			sourceTree = "<group>";
		};
		31DBD14D2CCA3D4700AC5F17 /* Misc */ = {
			isa = PBXGroup;
			children = (
				31DBD14E2CCA3D5100AC5F17 /* ScreenChecker.swift */,
				31DBD15B2CCA45AF00AC5F17 /* UIColor+.swift */,
				31DBD15D2CCA485D00AC5F17 /* UIImage+.swift */,
				31DBD15F2CCA4B7700AC5F17 /* UINavigationController+.swift */,
			);
			path = Misc;
			sourceTree = "<group>";
		};
		31DBD1522CCA412300AC5F17 /* Services */ = {
			isa = PBXGroup;
			children = (
				31DBD1532CCA413100AC5F17 /* Application.swift */,
				31DBD1552CCA427600AC5F17 /* Dependencies.swift */,
				31DBD1572CCA429900AC5F17 /* DrinksService.swift */,
			);
			path = Services;
			sourceTree = "<group>";
		};
/* End PBXGroup section */

/* Begin PBXNativeTarget section */
		31DBD10C2CCA2D8000AC5F17 /* Cocktail App */ = {
			isa = PBXNativeTarget;
			buildConfigurationList = 31DBD1372CCA2D8300AC5F17 /* Build configuration list for PBXNativeTarget "Cocktail App" */;
			buildPhases = (
				31DBD1092CCA2D8000AC5F17 /* Sources */,
				31DBD10A2CCA2D8000AC5F17 /* Frameworks */,
				31DBD10B2CCA2D8000AC5F17 /* Resources */,
			);
			buildRules = (
			);
			dependencies = (
			);
			name = "Cocktail App";
			productName = "Cocktail App";
			productReference = 31DBD10D2CCA2D8000AC5F17 /* Cocktail App.app */;
			productType = "com.apple.product-type.application";
		};
		31DBD1222CCA2D8300AC5F17 /* Cocktail AppTests */ = {
			isa = PBXNativeTarget;
			buildConfigurationList = 31DBD13A2CCA2D8300AC5F17 /* Build configuration list for PBXNativeTarget "Cocktail AppTests" */;
			buildPhases = (
				31DBD11F2CCA2D8300AC5F17 /* Sources */,
				31DBD1202CCA2D8300AC5F17 /* Frameworks */,
				31DBD1212CCA2D8300AC5F17 /* Resources */,
			);
			buildRules = (
			);
			dependencies = (
				31DBD1252CCA2D8300AC5F17 /* PBXTargetDependency */,
			);
			name = "Cocktail AppTests";
			productName = "Cocktail AppTests";
			productReference = 31DBD1232CCA2D8300AC5F17 /* Cocktail AppTests.xctest */;
			productType = "com.apple.product-type.bundle.unit-test";
		};
		31DBD12C2CCA2D8300AC5F17 /* Cocktail AppUITests */ = {
			isa = PBXNativeTarget;
			buildConfigurationList = 31DBD13D2CCA2D8300AC5F17 /* Build configuration list for PBXNativeTarget "Cocktail AppUITests" */;
			buildPhases = (
				31DBD1292CCA2D8300AC5F17 /* Sources */,
				31DBD12A2CCA2D8300AC5F17 /* Frameworks */,
				31DBD12B2CCA2D8300AC5F17 /* Resources */,
			);
			buildRules = (
			);
			dependencies = (
				31DBD12F2CCA2D8300AC5F17 /* PBXTargetDependency */,
			);
			name = "Cocktail AppUITests";
			productName = "Cocktail AppUITests";
			productReference = 31DBD12D2CCA2D8300AC5F17 /* Cocktail AppUITests.xctest */;
			productType = "com.apple.product-type.bundle.ui-testing";
		};
/* End PBXNativeTarget section */

/* Begin PBXProject section */
		31DBD1052CCA2D8000AC5F17 /* Project object */ = {
			isa = PBXProject;
			attributes = {
				BuildIndependentTargetsInParallel = 1;
				LastSwiftUpdateCheck = 1500;
				LastUpgradeCheck = 1500;
				TargetAttributes = {
					31DBD10C2CCA2D8000AC5F17 = {
						CreatedOnToolsVersion = 15.0;
					};
					31DBD1222CCA2D8300AC5F17 = {
						CreatedOnToolsVersion = 15.0;
						TestTargetID = 31DBD10C2CCA2D8000AC5F17;
					};
					31DBD12C2CCA2D8300AC5F17 = {
						CreatedOnToolsVersion = 15.0;
						TestTargetID = 31DBD10C2CCA2D8000AC5F17;
					};
				};
			};
			buildConfigurationList = 31DBD1082CCA2D8000AC5F17 /* Build configuration list for PBXProject "Cocktail App" */;
			compatibilityVersion = "Xcode 14.0";
			developmentRegion = en;
			hasScannedForEncodings = 0;
			knownRegions = (
				en,
				Base,
			);
			mainGroup = 31DBD1042CCA2D8000AC5F17;
			productRefGroup = 31DBD10E2CCA2D8000AC5F17 /* Products */;
			projectDirPath = "";
			projectRoot = "";
			targets = (
				31DBD10C2CCA2D8000AC5F17 /* Cocktail App */,
				31DBD1222CCA2D8300AC5F17 /* Cocktail AppTests */,
				31DBD12C2CCA2D8300AC5F17 /* Cocktail AppUITests */,
			);
		};
/* End PBXProject section */

/* Begin PBXResourcesBuildPhase section */
		31DBD10B2CCA2D8000AC5F17 /* Resources */ = {
			isa = PBXResourcesBuildPhase;
			buildActionMask = 2147483647;
			files = (
				31DBD11D2CCA2D8300AC5F17 /* LaunchScreen.storyboard in Resources */,
				31DBD11A2CCA2D8300AC5F17 /* Assets.xcassets in Resources */,
			);
			runOnlyForDeploymentPostprocessing = 0;
		};
		31DBD1212CCA2D8300AC5F17 /* Resources */ = {
			isa = PBXResourcesBuildPhase;
			buildActionMask = 2147483647;
			files = (
			);
			runOnlyForDeploymentPostprocessing = 0;
		};
		31DBD12B2CCA2D8300AC5F17 /* Resources */ = {
			isa = PBXResourcesBuildPhase;
			buildActionMask = 2147483647;
			files = (
			);
			runOnlyForDeploymentPostprocessing = 0;
		};
/* End PBXResourcesBuildPhase section */

/* Begin PBXSourcesBuildPhase section */
		31DBD1092CCA2D8000AC5F17 /* Sources */ = {
			isa = PBXSourcesBuildPhase;
			buildActionMask = 2147483647;
			files = (
				31DBD1602CCA4B7700AC5F17 /* UINavigationController+.swift in Sources */,
				31DBD1562CCA427600AC5F17 /* Dependencies.swift in Sources */,
				31DBD1152CCA2D8000AC5F17 /* SplashViewController.swift in Sources */,
				31DBD1432CCA38D600AC5F17 /* HomeCoordinator.swift in Sources */,
				31DBD1A22CCBDD2200AC5F17 /* BaseViewController.swift in Sources */,
				31DBD1542CCA413100AC5F17 /* Application.swift in Sources */,
				31DBD1512CCA40DE00AC5F17 /* AppCoordinator.swift in Sources */,
				31DBD15E2CCA485D00AC5F17 /* UIImage+.swift in Sources */,
				31DBD14A2CCA3A6E00AC5F17 /* HomeViewModel.swift in Sources */,
				31DBD1462CCA39A900AC5F17 /* Coordinator.swift in Sources */,
				31DBD1582CCA429900AC5F17 /* DrinksService.swift in Sources */,
				31DBD1112CCA2D8000AC5F17 /* AppDelegate.swift in Sources */,
				31DBD1A02CCBDAE200AC5F17 /* VCViewModel.swift in Sources */,
				31DBD15A2CCA452200AC5F17 /* AppStyle.swift in Sources */,
				31DBD1132CCA2D8000AC5F17 /* SceneDelegate.swift in Sources */,
				31DBD14C2CCA3B2100AC5F17 /* Configuration.swift in Sources */,
				31DBD1482CCA3A4700AC5F17 /* HomeViewController.swift in Sources */,
				31DBD14F2CCA3D5100AC5F17 /* ScreenChecker.swift in Sources */,
				31DBD15C2CCA45AF00AC5F17 /* UIColor+.swift in Sources */,
			);
			runOnlyForDeploymentPostprocessing = 0;
		};
		31DBD11F2CCA2D8300AC5F17 /* Sources */ = {
			isa = PBXSourcesBuildPhase;
			buildActionMask = 2147483647;
			files = (
				31DBD1282CCA2D8300AC5F17 /* Cocktail_AppTests.swift in Sources */,
			);
			runOnlyForDeploymentPostprocessing = 0;
		};
		31DBD1292CCA2D8300AC5F17 /* Sources */ = {
			isa = PBXSourcesBuildPhase;
			buildActionMask = 2147483647;
			files = (
				31DBD1342CCA2D8300AC5F17 /* Cocktail_AppUITestsLaunchTests.swift in Sources */,
				31DBD1322CCA2D8300AC5F17 /* Cocktail_AppUITests.swift in Sources */,
			);
			runOnlyForDeploymentPostprocessing = 0;
		};
/* End PBXSourcesBuildPhase section */

/* Begin PBXTargetDependency section */
		31DBD1252CCA2D8300AC5F17 /* PBXTargetDependency */ = {
			isa = PBXTargetDependency;
			target = 31DBD10C2CCA2D8000AC5F17 /* Cocktail App */;
			targetProxy = 31DBD1242CCA2D8300AC5F17 /* PBXContainerItemProxy */;
		};
		31DBD12F2CCA2D8300AC5F17 /* PBXTargetDependency */ = {
			isa = PBXTargetDependency;
			target = 31DBD10C2CCA2D8000AC5F17 /* Cocktail App */;
			targetProxy = 31DBD12E2CCA2D8300AC5F17 /* PBXContainerItemProxy */;
		};
/* End PBXTargetDependency section */

/* Begin PBXVariantGroup section */
		31DBD11B2CCA2D8300AC5F17 /* LaunchScreen.storyboard */ = {
			isa = PBXVariantGroup;
			children = (
				31DBD11C2CCA2D8300AC5F17 /* Base */,
			);
			name = LaunchScreen.storyboard;
			sourceTree = "<group>";
		};
/* End PBXVariantGroup section */

/* Begin XCBuildConfiguration section */
		31DBD1352CCA2D8300AC5F17 /* Debug */ = {
			isa = XCBuildConfiguration;
			buildSettings = {
				ALWAYS_SEARCH_USER_PATHS = NO;
				ASSETCATALOG_COMPILER_GENERATE_SWIFT_ASSET_SYMBOL_EXTENSIONS = YES;
				CLANG_ANALYZER_NONNULL = YES;
				CLANG_ANALYZER_NUMBER_OBJECT_CONVERSION = YES_AGGRESSIVE;
				CLANG_CXX_LANGUAGE_STANDARD = "gnu++20";
				CLANG_ENABLE_MODULES = YES;
				CLANG_ENABLE_OBJC_ARC = YES;
				CLANG_ENABLE_OBJC_WEAK = YES;
				CLANG_WARN_BLOCK_CAPTURE_AUTORELEASING = YES;
				CLANG_WARN_BOOL_CONVERSION = YES;
				CLANG_WARN_COMMA = YES;
				CLANG_WARN_CONSTANT_CONVERSION = YES;
				CLANG_WARN_DEPRECATED_OBJC_IMPLEMENTATIONS = YES;
				CLANG_WARN_DIRECT_OBJC_ISA_USAGE = YES_ERROR;
				CLANG_WARN_DOCUMENTATION_COMMENTS = YES;
				CLANG_WARN_EMPTY_BODY = YES;
				CLANG_WARN_ENUM_CONVERSION = YES;
				CLANG_WARN_INFINITE_RECURSION = YES;
				CLANG_WARN_INT_CONVERSION = YES;
				CLANG_WARN_NON_LITERAL_NULL_CONVERSION = YES;
				CLANG_WARN_OBJC_IMPLICIT_RETAIN_SELF = YES;
				CLANG_WARN_OBJC_LITERAL_CONVERSION = YES;
				CLANG_WARN_OBJC_ROOT_CLASS = YES_ERROR;
				CLANG_WARN_QUOTED_INCLUDE_IN_FRAMEWORK_HEADER = YES;
				CLANG_WARN_RANGE_LOOP_ANALYSIS = YES;
				CLANG_WARN_STRICT_PROTOTYPES = YES;
				CLANG_WARN_SUSPICIOUS_MOVE = YES;
				CLANG_WARN_UNGUARDED_AVAILABILITY = YES_AGGRESSIVE;
				CLANG_WARN_UNREACHABLE_CODE = YES;
				CLANG_WARN__DUPLICATE_METHOD_MATCH = YES;
				COPY_PHASE_STRIP = NO;
				DEBUG_INFORMATION_FORMAT = dwarf;
				ENABLE_STRICT_OBJC_MSGSEND = YES;
				ENABLE_TESTABILITY = YES;
				ENABLE_USER_SCRIPT_SANDBOXING = YES;
				GCC_C_LANGUAGE_STANDARD = gnu17;
				GCC_DYNAMIC_NO_PIC = NO;
				GCC_NO_COMMON_BLOCKS = YES;
				GCC_OPTIMIZATION_LEVEL = 0;
				GCC_PREPROCESSOR_DEFINITIONS = (
					"DEBUG=1",
					"$(inherited)",
				);
				GCC_WARN_64_TO_32_BIT_CONVERSION = YES;
				GCC_WARN_ABOUT_RETURN_TYPE = YES_ERROR;
				GCC_WARN_UNDECLARED_SELECTOR = YES;
				GCC_WARN_UNINITIALIZED_AUTOS = YES_AGGRESSIVE;
				GCC_WARN_UNUSED_FUNCTION = YES;
				GCC_WARN_UNUSED_VARIABLE = YES;
				IPHONEOS_DEPLOYMENT_TARGET = 17.0;
				LOCALIZATION_PREFERS_STRING_CATALOGS = YES;
				MTL_ENABLE_DEBUG_INFO = INCLUDE_SOURCE;
				MTL_FAST_MATH = YES;
				ONLY_ACTIVE_ARCH = YES;
				SDKROOT = iphoneos;
				SWIFT_ACTIVE_COMPILATION_CONDITIONS = "DEBUG $(inherited)";
				SWIFT_OPTIMIZATION_LEVEL = "-Onone";
			};
			name = Debug;
		};
		31DBD1362CCA2D8300AC5F17 /* Release */ = {
			isa = XCBuildConfiguration;
			buildSettings = {
				ALWAYS_SEARCH_USER_PATHS = NO;
				ASSETCATALOG_COMPILER_GENERATE_SWIFT_ASSET_SYMBOL_EXTENSIONS = YES;
				CLANG_ANALYZER_NONNULL = YES;
				CLANG_ANALYZER_NUMBER_OBJECT_CONVERSION = YES_AGGRESSIVE;
				CLANG_CXX_LANGUAGE_STANDARD = "gnu++20";
				CLANG_ENABLE_MODULES = YES;
				CLANG_ENABLE_OBJC_ARC = YES;
				CLANG_ENABLE_OBJC_WEAK = YES;
				CLANG_WARN_BLOCK_CAPTURE_AUTORELEASING = YES;
				CLANG_WARN_BOOL_CONVERSION = YES;
				CLANG_WARN_COMMA = YES;
				CLANG_WARN_CONSTANT_CONVERSION = YES;
				CLANG_WARN_DEPRECATED_OBJC_IMPLEMENTATIONS = YES;
				CLANG_WARN_DIRECT_OBJC_ISA_USAGE = YES_ERROR;
				CLANG_WARN_DOCUMENTATION_COMMENTS = YES;
				CLANG_WARN_EMPTY_BODY = YES;
				CLANG_WARN_ENUM_CONVERSION = YES;
				CLANG_WARN_INFINITE_RECURSION = YES;
				CLANG_WARN_INT_CONVERSION = YES;
				CLANG_WARN_NON_LITERAL_NULL_CONVERSION = YES;
				CLANG_WARN_OBJC_IMPLICIT_RETAIN_SELF = YES;
				CLANG_WARN_OBJC_LITERAL_CONVERSION = YES;
				CLANG_WARN_OBJC_ROOT_CLASS = YES_ERROR;
				CLANG_WARN_QUOTED_INCLUDE_IN_FRAMEWORK_HEADER = YES;
				CLANG_WARN_RANGE_LOOP_ANALYSIS = YES;
				CLANG_WARN_STRICT_PROTOTYPES = YES;
				CLANG_WARN_SUSPICIOUS_MOVE = YES;
				CLANG_WARN_UNGUARDED_AVAILABILITY = YES_AGGRESSIVE;
				CLANG_WARN_UNREACHABLE_CODE = YES;
				CLANG_WARN__DUPLICATE_METHOD_MATCH = YES;
				COPY_PHASE_STRIP = NO;
				DEBUG_INFORMATION_FORMAT = "dwarf-with-dsym";
				ENABLE_NS_ASSERTIONS = NO;
				ENABLE_STRICT_OBJC_MSGSEND = YES;
				ENABLE_USER_SCRIPT_SANDBOXING = YES;
				GCC_C_LANGUAGE_STANDARD = gnu17;
				GCC_NO_COMMON_BLOCKS = YES;
				GCC_WARN_64_TO_32_BIT_CONVERSION = YES;
				GCC_WARN_ABOUT_RETURN_TYPE = YES_ERROR;
				GCC_WARN_UNDECLARED_SELECTOR = YES;
				GCC_WARN_UNINITIALIZED_AUTOS = YES_AGGRESSIVE;
				GCC_WARN_UNUSED_FUNCTION = YES;
				GCC_WARN_UNUSED_VARIABLE = YES;
				IPHONEOS_DEPLOYMENT_TARGET = 17.0;
				LOCALIZATION_PREFERS_STRING_CATALOGS = YES;
				MTL_ENABLE_DEBUG_INFO = NO;
				MTL_FAST_MATH = YES;
				SDKROOT = iphoneos;
				SWIFT_COMPILATION_MODE = wholemodule;
				VALIDATE_PRODUCT = YES;
			};
			name = Release;
		};
		31DBD1382CCA2D8300AC5F17 /* Debug */ = {
			isa = XCBuildConfiguration;
			buildSettings = {
				ASSETCATALOG_COMPILER_APPICON_NAME = AppIcon;
				ASSETCATALOG_COMPILER_GLOBAL_ACCENT_COLOR_NAME = AccentColor;
				CODE_SIGN_STYLE = Automatic;
				CURRENT_PROJECT_VERSION = 1;
				DEVELOPMENT_TEAM = E4576TDK84;
				GENERATE_INFOPLIST_FILE = YES;
				INFOPLIST_FILE = "Cocktail App/Info.plist";
				INFOPLIST_KEY_UIApplicationSupportsIndirectInputEvents = YES;
				INFOPLIST_KEY_UILaunchStoryboardName = LaunchScreen.storyboard;
				INFOPLIST_KEY_UIRequiresFullScreen = YES;
				INFOPLIST_KEY_UISupportedInterfaceOrientations_iPad = "UIInterfaceOrientationPortrait UIInterfaceOrientationPortraitUpsideDown UIInterfaceOrientationLandscapeLeft UIInterfaceOrientationLandscapeRight";
				INFOPLIST_KEY_UISupportedInterfaceOrientations_iPhone = "UIInterfaceOrientationPortrait UIInterfaceOrientationLandscapeLeft UIInterfaceOrientationLandscapeRight";
				IPHONEOS_DEPLOYMENT_TARGET = 15.0;
				LD_RUNPATH_SEARCH_PATHS = (
					"$(inherited)",
					"@executable_path/Frameworks",
				);
				MARKETING_VERSION = 1.0;
				PRODUCT_BUNDLE_IDENTIFIER = "com.7a8fc26c9aa77024.Cocktail-App";
				PRODUCT_NAME = "$(TARGET_NAME)";
				SWIFT_EMIT_LOC_STRINGS = YES;
				SWIFT_VERSION = 5.0;
				TARGETED_DEVICE_FAMILY = "1,2";
			};
			name = Debug;
		};
		31DBD1392CCA2D8300AC5F17 /* Release */ = {
			isa = XCBuildConfiguration;
			buildSettings = {
				ASSETCATALOG_COMPILER_APPICON_NAME = AppIcon;
				ASSETCATALOG_COMPILER_GLOBAL_ACCENT_COLOR_NAME = AccentColor;
				CODE_SIGN_STYLE = Automatic;
				CURRENT_PROJECT_VERSION = 1;
				DEVELOPMENT_TEAM = E4576TDK84;
				GENERATE_INFOPLIST_FILE = YES;
				INFOPLIST_FILE = "Cocktail App/Info.plist";
				INFOPLIST_KEY_UIApplicationSupportsIndirectInputEvents = YES;
				INFOPLIST_KEY_UILaunchStoryboardName = LaunchScreen.storyboard;
				INFOPLIST_KEY_UIRequiresFullScreen = YES;
				INFOPLIST_KEY_UISupportedInterfaceOrientations_iPad = "UIInterfaceOrientationPortrait UIInterfaceOrientationPortraitUpsideDown UIInterfaceOrientationLandscapeLeft UIInterfaceOrientationLandscapeRight";
				INFOPLIST_KEY_UISupportedInterfaceOrientations_iPhone = "UIInterfaceOrientationPortrait UIInterfaceOrientationLandscapeLeft UIInterfaceOrientationLandscapeRight";
				IPHONEOS_DEPLOYMENT_TARGET = 15.0;
				LD_RUNPATH_SEARCH_PATHS = (
					"$(inherited)",
					"@executable_path/Frameworks",
				);
				MARKETING_VERSION = 1.0;
				PRODUCT_BUNDLE_IDENTIFIER = "com.7a8fc26c9aa77024.Cocktail-App";
				PRODUCT_NAME = "$(TARGET_NAME)";
				SWIFT_EMIT_LOC_STRINGS = YES;
				SWIFT_VERSION = 5.0;
				TARGETED_DEVICE_FAMILY = "1,2";
			};
			name = Release;
		};
		31DBD13B2CCA2D8300AC5F17 /* Debug */ = {
			isa = XCBuildConfiguration;
			buildSettings = {
				ALWAYS_EMBED_SWIFT_STANDARD_LIBRARIES = YES;
				BUNDLE_LOADER = "$(TEST_HOST)";
				CODE_SIGN_STYLE = Automatic;
				CURRENT_PROJECT_VERSION = 1;
				DEVELOPMENT_TEAM = E4576TDK84;
				GENERATE_INFOPLIST_FILE = YES;
				IPHONEOS_DEPLOYMENT_TARGET = 17.0;
				MARKETING_VERSION = 1.0;
				PRODUCT_BUNDLE_IDENTIFIER = "com.7a8fc26c9aa77024.Cocktail-AppTests";
				PRODUCT_NAME = "$(TARGET_NAME)";
				SWIFT_EMIT_LOC_STRINGS = NO;
				SWIFT_VERSION = 5.0;
				TARGETED_DEVICE_FAMILY = "1,2";
				TEST_HOST = "$(BUILT_PRODUCTS_DIR)/Cocktail App.app/$(BUNDLE_EXECUTABLE_FOLDER_PATH)/Cocktail App";
			};
			name = Debug;
		};
		31DBD13C2CCA2D8300AC5F17 /* Release */ = {
			isa = XCBuildConfiguration;
			buildSettings = {
				ALWAYS_EMBED_SWIFT_STANDARD_LIBRARIES = YES;
				BUNDLE_LOADER = "$(TEST_HOST)";
				CODE_SIGN_STYLE = Automatic;
				CURRENT_PROJECT_VERSION = 1;
				DEVELOPMENT_TEAM = E4576TDK84;
				GENERATE_INFOPLIST_FILE = YES;
				IPHONEOS_DEPLOYMENT_TARGET = 17.0;
				MARKETING_VERSION = 1.0;
				PRODUCT_BUNDLE_IDENTIFIER = "com.7a8fc26c9aa77024.Cocktail-AppTests";
				PRODUCT_NAME = "$(TARGET_NAME)";
				SWIFT_EMIT_LOC_STRINGS = NO;
				SWIFT_VERSION = 5.0;
				TARGETED_DEVICE_FAMILY = "1,2";
				TEST_HOST = "$(BUILT_PRODUCTS_DIR)/Cocktail App.app/$(BUNDLE_EXECUTABLE_FOLDER_PATH)/Cocktail App";
			};
			name = Release;
		};
		31DBD13E2CCA2D8300AC5F17 /* Debug */ = {
			isa = XCBuildConfiguration;
			buildSettings = {
				ALWAYS_EMBED_SWIFT_STANDARD_LIBRARIES = YES;
				CODE_SIGN_STYLE = Automatic;
				CURRENT_PROJECT_VERSION = 1;
				DEVELOPMENT_TEAM = E4576TDK84;
				GENERATE_INFOPLIST_FILE = YES;
				MARKETING_VERSION = 1.0;
				PRODUCT_BUNDLE_IDENTIFIER = "com.7a8fc26c9aa77024.Cocktail-AppUITests";
				PRODUCT_NAME = "$(TARGET_NAME)";
				SWIFT_EMIT_LOC_STRINGS = NO;
				SWIFT_VERSION = 5.0;
				TARGETED_DEVICE_FAMILY = "1,2";
				TEST_TARGET_NAME = "Cocktail App";
			};
			name = Debug;
		};
		31DBD13F2CCA2D8300AC5F17 /* Release */ = {
			isa = XCBuildConfiguration;
			buildSettings = {
				ALWAYS_EMBED_SWIFT_STANDARD_LIBRARIES = YES;
				CODE_SIGN_STYLE = Automatic;
				CURRENT_PROJECT_VERSION = 1;
				DEVELOPMENT_TEAM = E4576TDK84;
				GENERATE_INFOPLIST_FILE = YES;
				MARKETING_VERSION = 1.0;
				PRODUCT_BUNDLE_IDENTIFIER = "com.7a8fc26c9aa77024.Cocktail-AppUITests";
				PRODUCT_NAME = "$(TARGET_NAME)";
				SWIFT_EMIT_LOC_STRINGS = NO;
				SWIFT_VERSION = 5.0;
				TARGETED_DEVICE_FAMILY = "1,2";
				TEST_TARGET_NAME = "Cocktail App";
			};
			name = Release;
		};
/* End XCBuildConfiguration section */

/* Begin XCConfigurationList section */
		31DBD1082CCA2D8000AC5F17 /* Build configuration list for PBXProject "Cocktail App" */ = {
			isa = XCConfigurationList;
			buildConfigurations = (
				31DBD1352CCA2D8300AC5F17 /* Debug */,
				31DBD1362CCA2D8300AC5F17 /* Release */,
			);
			defaultConfigurationIsVisible = 0;
			defaultConfigurationName = Release;
		};
		31DBD1372CCA2D8300AC5F17 /* Build configuration list for PBXNativeTarget "Cocktail App" */ = {
			isa = XCConfigurationList;
			buildConfigurations = (
				31DBD1382CCA2D8300AC5F17 /* Debug */,
				31DBD1392CCA2D8300AC5F17 /* Release */,
			);
			defaultConfigurationIsVisible = 0;
			defaultConfigurationName = Release;
		};
		31DBD13A2CCA2D8300AC5F17 /* Build configuration list for PBXNativeTarget "Cocktail AppTests" */ = {
			isa = XCConfigurationList;
			buildConfigurations = (
				31DBD13B2CCA2D8300AC5F17 /* Debug */,
				31DBD13C2CCA2D8300AC5F17 /* Release */,
			);
			defaultConfigurationIsVisible = 0;
			defaultConfigurationName = Release;
		};
		31DBD13D2CCA2D8300AC5F17 /* Build configuration list for PBXNativeTarget "Cocktail AppUITests" */ = {
			isa = XCConfigurationList;
			buildConfigurations = (
				31DBD13E2CCA2D8300AC5F17 /* Debug */,
				31DBD13F2CCA2D8300AC5F17 /* Release */,
			);
			defaultConfigurationIsVisible = 0;
			defaultConfigurationName = Release;
		};
/* End XCConfigurationList section */
	};
	rootObject = 31DBD1052CCA2D8000AC5F17 /* Project object */;
}
